
Microsoft Visual Studio Solution File, Format Version 12.00
# Visual Studio Version 17
VisualStudioVersion = 17.5.33424.131
MinimumVisualStudioVersion = 10.0.40219.1
Project("{8BC9CEB8-8B4A-11D0-8D11-00A0C91BC942}") = "Laba82", "Laba82.vcxproj", "{E50972A8-16D4-4C27-A341-57A16681FB50}"
EndProject
Global
	GlobalSection(SolutionConfigurationPlatforms) = preSolution
		Debug|x64 = Debug|x64
		Debug|x86 = Debug|x86
		Release|x64 = Release|x64
		Release|x86 = Release|x86
	EndGlobalSection
	GlobalSection(ProjectConfigurationPlatforms) = postSolution
		{E50972A8-16D4-4C27-A341-57A16681FB50}.Debug|x64.ActiveCfg = Debug|x64
		{E50972A8-16D4-4C27-A341-57A16681FB50}.Debug|x64.Build.0 = Debug|x64
		{E50972A8-16D4-4C27-A341-57A16681FB50}.Debug|x86.ActiveCfg = Debug|Win32
		{E50972A8-16D4-4C27-A341-57A16681FB50}.Debug|x86.Build.0 = Debug|Win32
		{E50972A8-16D4-4C27-A341-57A16681FB50}.Release|x64.ActiveCfg = Release|x64
		{E50972A8-16D4-4C27-A341-57A16681FB50}.Release|x64.Build.0 = Release|x64
		{E50972A8-16D4-4C27-A341-57A16681FB50}.Release|x86.ActiveCfg = Release|Win32
		{E50972A8-16D4-4C27-A341-57A16681FB50}.Release|x86.Build.0 = Release|Win32
	EndGlobalSection
	GlobalSection(SolutionProperties) = preSolution
		HideSolutionNode = FALSE
	EndGlobalSection
	GlobalSection(ExtensibilityGlobals) = postSolution
		SolutionGuid = {F75BE11E-7D68-447C-9604-B32468CD7451}
	EndGlobalSection
EndGlobal
